
Microsoft Visual Studio Solution File, Format Version 12.00
# Visual Studio Version 17
VisualStudioVersion = 17.13.35931.197
MinimumVisualStudioVersion = 10.0.40219.1
Project("{FAE04EC0-301F-11D3-BF4B-00C04F79EFBC}") = "WPF", "WPF\WPF.csproj", "{97ACDCE6-D426-42C7-ABDA-0F407484F54B}"
EndProject
Project("{FAE04EC0-301F-11D3-BF4B-00C04F79EFBC}") = "Grid", "Grid\Grid.csproj", "{BBABD038-D541-47AD-A48A-720707B88034}"
EndProject
Project("{FAE04EC0-301F-11D3-BF4B-00C04F79EFBC}") = "Binding", "Binding\Binding.csproj", "{B73A3276-11F8-4978-9C11-1B80ED406555}"
EndProject
Project("{FAE04EC0-301F-11D3-BF4B-00C04F79EFBC}") = "ListBox", "ListBox\ListBox.csproj", "{18DEEDD3-7FE6-49FF-9B44-EBF69CCDAE88}"
EndProject
Project("{FAE04EC0-301F-11D3-BF4B-00C04F79EFBC}") = "MenuBar", "MenuBar\MenuBar.csproj", "{46F63001-39EA-4E5A-84E0-5AE6256D0206}"
EndProject
Project("{FAE04EC0-301F-11D3-BF4B-00C04F79EFBC}") = "CustomTextBoxControl", "CustomTextBoxControl\CustomTextBoxControl.csproj", "{3DC78330-4227-4159-8720-FBA66C1DCCFF}"
EndProject
Global
	GlobalSection(SolutionConfigurationPlatforms) = preSolution
		Debug|Any CPU = Debug|Any CPU
		Release|Any CPU = Release|Any CPU
	EndGlobalSection
	GlobalSection(ProjectConfigurationPlatforms) = postSolution
		{97ACDCE6-D426-42C7-ABDA-0F407484F54B}.Debug|Any CPU.ActiveCfg = Debug|Any CPU
		{97ACDCE6-D426-42C7-ABDA-0F407484F54B}.Debug|Any CPU.Build.0 = Debug|Any CPU
		{97ACDCE6-D426-42C7-ABDA-0F407484F54B}.Release|Any CPU.ActiveCfg = Release|Any CPU
		{97ACDCE6-D426-42C7-ABDA-0F407484F54B}.Release|Any CPU.Build.0 = Release|Any CPU
		{BBABD038-D541-47AD-A48A-720707B88034}.Debug|Any CPU.ActiveCfg = Debug|Any CPU
		{BBABD038-D541-47AD-A48A-720707B88034}.Debug|Any CPU.Build.0 = Debug|Any CPU
		{BBABD038-D541-47AD-A48A-720707B88034}.Release|Any CPU.ActiveCfg = Release|Any CPU
		{BBABD038-D541-47AD-A48A-720707B88034}.Release|Any CPU.Build.0 = Release|Any CPU
		{B73A3276-11F8-4978-9C11-1B80ED406555}.Debug|Any CPU.ActiveCfg = Debug|Any CPU
		{B73A3276-11F8-4978-9C11-1B80ED406555}.Debug|Any CPU.Build.0 = Debug|Any CPU
		{B73A3276-11F8-4978-9C11-1B80ED406555}.Release|Any CPU.ActiveCfg = Release|Any CPU
		{B73A3276-11F8-4978-9C11-1B80ED406555}.Release|Any CPU.Build.0 = Release|Any CPU
		{18DEEDD3-7FE6-49FF-9B44-EBF69CCDAE88}.Debug|Any CPU.ActiveCfg = Debug|Any CPU
		{18DEEDD3-7FE6-49FF-9B44-EBF69CCDAE88}.Debug|Any CPU.Build.0 = Debug|Any CPU
		{18DEEDD3-7FE6-49FF-9B44-EBF69CCDAE88}.Release|Any CPU.ActiveCfg = Release|Any CPU
		{18DEEDD3-7FE6-49FF-9B44-EBF69CCDAE88}.Release|Any CPU.Build.0 = Release|Any CPU
		{46F63001-39EA-4E5A-84E0-5AE6256D0206}.Debug|Any CPU.ActiveCfg = Debug|Any CPU
		{46F63001-39EA-4E5A-84E0-5AE6256D0206}.Debug|Any CPU.Build.0 = Debug|Any CPU
		{46F63001-39EA-4E5A-84E0-5AE6256D0206}.Release|Any CPU.ActiveCfg = Release|Any CPU
		{46F63001-39EA-4E5A-84E0-5AE6256D0206}.Release|Any CPU.Build.0 = Release|Any CPU
		{3DC78330-4227-4159-8720-FBA66C1DCCFF}.Debug|Any CPU.ActiveCfg = Debug|Any CPU
		{3DC78330-4227-4159-8720-FBA66C1DCCFF}.Debug|Any CPU.Build.0 = Debug|Any CPU
		{3DC78330-4227-4159-8720-FBA66C1DCCFF}.Release|Any CPU.ActiveCfg = Release|Any CPU
		{3DC78330-4227-4159-8720-FBA66C1DCCFF}.Release|Any CPU.Build.0 = Release|Any CPU
	EndGlobalSection
	GlobalSection(SolutionProperties) = preSolution
		HideSolutionNode = FALSE
	EndGlobalSection
	GlobalSection(ExtensibilityGlobals) = postSolution
		SolutionGuid = {B0DF0326-676A-4966-BE8E-46335EBFF40F}
	EndGlobalSection
EndGlobal
